
Microsoft Visual Studio Solution File, Format Version 12.00
# Visual Studio Version 16
VisualStudioVersion = 16.0.29306.81
MinimumVisualStudioVersion = 10.0.40219.1
Project("{FAE04EC0-301F-11D3-BF4B-00C04F79EFBC}") = "circuloo", "circuloo\circuloo.csproj", "{E02B2157-3DAB-4D63-96CF-A47947F4EA07}"
EndProject
Global
	GlobalSection(SolutionConfigurationPlatforms) = preSolution
		Debug|Any CPU = Debug|Any CPU
		Release|Any CPU = Release|Any CPU
	EndGlobalSection
	GlobalSection(ProjectConfigurationPlatforms) = postSolution
		{E02B2157-3DAB-4D63-96CF-A47947F4EA07}.Debug|Any CPU.ActiveCfg = Debug|Any CPU
		{E02B2157-3DAB-4D63-96CF-A47947F4EA07}.Debug|Any CPU.Build.0 = Debug|Any CPU
		{E02B2157-3DAB-4D63-96CF-A47947F4EA07}.Release|Any CPU.ActiveCfg = Release|Any CPU
		{E02B2157-3DAB-4D63-96CF-A47947F4EA07}.Release|Any CPU.Build.0 = Release|Any CPU
	EndGlobalSection
	GlobalSection(SolutionProperties) = preSolution
		HideSolutionNode = FALSE
	EndGlobalSection
	GlobalSection(ExtensibilityGlobals) = postSolution
		SolutionGuid = {00616B7C-40E3-49D0-8531-5A03DD6ED846}
	EndGlobalSection
EndGlobal
